// !$*UTF8*$!
{
	archiveVersion = 1;
	classes = {
	};
	objectVersion = 55;
	objects = {

/* Begin PBXBuildFile section */
		D0F7A28727F32C33008BEE85 /* AppDelegate.swift in Sources */ = {isa = PBXBuildFile; fileRef = D0F7A28627F32C33008BEE85 /* AppDelegate.swift */; };
		D0F7A28927F32C33008BEE85 /* SceneDelegate.swift in Sources */ = {isa = PBXBuildFile; fileRef = D0F7A28827F32C33008BEE85 /* SceneDelegate.swift */; };
		D0F7A28E27F32C33008BEE85 /* Main.storyboard in Resources */ = {isa = PBXBuildFile; fileRef = D0F7A28C27F32C33008BEE85 /* Main.storyboard */; };
		D0F7A29027F32C34008BEE85 /* Assets.xcassets in Resources */ = {isa = PBXBuildFile; fileRef = D0F7A28F27F32C34008BEE85 /* Assets.xcassets */; };
		D0F7A29327F32C34008BEE85 /* LaunchScreen.storyboard in Resources */ = {isa = PBXBuildFile; fileRef = D0F7A29127F32C34008BEE85 /* LaunchScreen.storyboard */; };
		D0F7A29E27F32C34008BEE85 /* DailyNews_MVVMTutorialTests.swift in Sources */ = {isa = PBXBuildFile; fileRef = D0F7A29D27F32C34008BEE85 /* DailyNews_MVVMTutorialTests.swift */; };
		D0F7A2A827F32C34008BEE85 /* DailyNews_MVVMTutorialUITests.swift in Sources */ = {isa = PBXBuildFile; fileRef = D0F7A2A727F32C34008BEE85 /* DailyNews_MVVMTutorialUITests.swift */; };
		D0F7A2AA27F32C34008BEE85 /* DailyNews_MVVMTutorialUITestsLaunchTests.swift in Sources */ = {isa = PBXBuildFile; fileRef = D0F7A2A927F32C34008BEE85 /* DailyNews_MVVMTutorialUITestsLaunchTests.swift */; };
		D0F7A2B827F32FE5008BEE85 /* NewsListTableViewController.swift in Sources */ = {isa = PBXBuildFile; fileRef = D0F7A2B727F32FE5008BEE85 /* NewsListTableViewController.swift */; };
/* End PBXBuildFile section */

/* Begin PBXContainerItemProxy section */
		D0F7A29A27F32C34008BEE85 /* PBXContainerItemProxy */ = {
			isa = PBXContainerItemProxy;
			containerPortal = D0F7A27B27F32C33008BEE85 /* Project object */;
			proxyType = 1;
			remoteGlobalIDString = D0F7A28227F32C33008BEE85;
			remoteInfo = "DailyNews-MVVMTutorial";
		};
		D0F7A2A427F32C34008BEE85 /* PBXContainerItemProxy */ = {
			isa = PBXContainerItemProxy;
			containerPortal = D0F7A27B27F32C33008BEE85 /* Project object */;
			proxyType = 1;
			remoteGlobalIDString = D0F7A28227F32C33008BEE85;
			remoteInfo = "DailyNews-MVVMTutorial";
		};
/* End PBXContainerItemProxy section */

/* Begin PBXFileReference section */
		D0F7A28327F32C33008BEE85 /* DailyNews-MVVMTutorial.app */ = {isa = PBXFileReference; explicitFileType = wrapper.application; includeInIndex = 0; path = "DailyNews-MVVMTutorial.app"; sourceTree = BUILT_PRODUCTS_DIR; };
		D0F7A28627F32C33008BEE85 /* AppDelegate.swift */ = {isa = PBXFileReference; lastKnownFileType = sourcecode.swift; path = AppDelegate.swift; sourceTree = "<group>"; };
		D0F7A28827F32C33008BEE85 /* SceneDelegate.swift */ = {isa = PBXFileReference; lastKnownFileType = sourcecode.swift; path = SceneDelegate.swift; sourceTree = "<group>"; };
		D0F7A28D27F32C33008BEE85 /* Base */ = {isa = PBXFileReference; lastKnownFileType = file.storyboard; name = Base; path = Base.lproj/Main.storyboard; sourceTree = "<group>"; };
		D0F7A28F27F32C34008BEE85 /* Assets.xcassets */ = {isa = PBXFileReference; lastKnownFileType = folder.assetcatalog; path = Assets.xcassets; sourceTree = "<group>"; };
		D0F7A29227F32C34008BEE85 /* Base */ = {isa = PBXFileReference; lastKnownFileType = file.storyboard; name = Base; path = Base.lproj/LaunchScreen.storyboard; sourceTree = "<group>"; };
		D0F7A29427F32C34008BEE85 /* Info.plist */ = {isa = PBXFileReference; lastKnownFileType = text.plist.xml; path = Info.plist; sourceTree = "<group>"; };
		D0F7A29927F32C34008BEE85 /* DailyNews-MVVMTutorialTests.xctest */ = {isa = PBXFileReference; explicitFileType = wrapper.cfbundle; includeInIndex = 0; path = "DailyNews-MVVMTutorialTests.xctest"; sourceTree = BUILT_PRODUCTS_DIR; };
		D0F7A29D27F32C34008BEE85 /* DailyNews_MVVMTutorialTests.swift */ = {isa = PBXFileReference; lastKnownFileType = sourcecode.swift; path = DailyNews_MVVMTutorialTests.swift; sourceTree = "<group>"; };
		D0F7A2A327F32C34008BEE85 /* DailyNews-MVVMTutorialUITests.xctest */ = {isa = PBXFileReference; explicitFileType = wrapper.cfbundle; includeInIndex = 0; path = "DailyNews-MVVMTutorialUITests.xctest"; sourceTree = BUILT_PRODUCTS_DIR; };
		D0F7A2A727F32C34008BEE85 /* DailyNews_MVVMTutorialUITests.swift */ = {isa = PBXFileReference; lastKnownFileType = sourcecode.swift; path = DailyNews_MVVMTutorialUITests.swift; sourceTree = "<group>"; };
		D0F7A2A927F32C34008BEE85 /* DailyNews_MVVMTutorialUITestsLaunchTests.swift */ = {isa = PBXFileReference; lastKnownFileType = sourcecode.swift; path = DailyNews_MVVMTutorialUITestsLaunchTests.swift; sourceTree = "<group>"; };
		D0F7A2B727F32FE5008BEE85 /* NewsListTableViewController.swift */ = {isa = PBXFileReference; lastKnownFileType = sourcecode.swift; path = NewsListTableViewController.swift; sourceTree = "<group>"; };
/* End PBXFileReference section */

/* Begin PBXFrameworksBuildPhase section */
		D0F7A28027F32C33008BEE85 /* Frameworks */ = {
			isa = PBXFrameworksBuildPhase;
			buildActionMask = 2147483647;
			files = (
			);
			runOnlyForDeploymentPostprocessing = 0;
		};
		D0F7A29627F32C34008BEE85 /* Frameworks */ = {
			isa = PBXFrameworksBuildPhase;
			buildActionMask = 2147483647;
			files = (
			);
			runOnlyForDeploymentPostprocessing = 0;
		};
		D0F7A2A027F32C34008BEE85 /* Frameworks */ = {
			isa = PBXFrameworksBuildPhase;
			buildActionMask = 2147483647;
			files = (
			);
			runOnlyForDeploymentPostprocessing = 0;
		};
/* End PBXFrameworksBuildPhase section */

/* Begin PBXGroup section */
		D0F7A27A27F32C33008BEE85 = {
			isa = PBXGroup;
			children = (
				D0F7A28527F32C33008BEE85 /* DailyNews-MVVMTutorial */,
				D0F7A29C27F32C34008BEE85 /* DailyNews-MVVMTutorialTests */,
				D0F7A2A627F32C34008BEE85 /* DailyNews-MVVMTutorialUITests */,
				D0F7A28427F32C33008BEE85 /* Products */,
			);
			sourceTree = "<group>";
		};
		D0F7A28427F32C33008BEE85 /* Products */ = {
			isa = PBXGroup;
			children = (
				D0F7A28327F32C33008BEE85 /* DailyNews-MVVMTutorial.app */,
				D0F7A29927F32C34008BEE85 /* DailyNews-MVVMTutorialTests.xctest */,
				D0F7A2A327F32C34008BEE85 /* DailyNews-MVVMTutorialUITests.xctest */,
			);
			name = Products;
			sourceTree = "<group>";
		};
		D0F7A28527F32C33008BEE85 /* DailyNews-MVVMTutorial */ = {
			isa = PBXGroup;
			children = (
				D0F7A2B627F32F97008BEE85 /* Controllers */,
				D0F7A28627F32C33008BEE85 /* AppDelegate.swift */,
				D0F7A28827F32C33008BEE85 /* SceneDelegate.swift */,
				D0F7A28C27F32C33008BEE85 /* Main.storyboard */,
				D0F7A28F27F32C34008BEE85 /* Assets.xcassets */,
				D0F7A29127F32C34008BEE85 /* LaunchScreen.storyboard */,
				D0F7A29427F32C34008BEE85 /* Info.plist */,
			);
			path = "DailyNews-MVVMTutorial";
			sourceTree = "<group>";
		};
		D0F7A29C27F32C34008BEE85 /* DailyNews-MVVMTutorialTests */ = {
			isa = PBXGroup;
			children = (
				D0F7A29D27F32C34008BEE85 /* DailyNews_MVVMTutorialTests.swift */,
			);
			path = "DailyNews-MVVMTutorialTests";
			sourceTree = "<group>";
		};
		D0F7A2A627F32C34008BEE85 /* DailyNews-MVVMTutorialUITests */ = {
			isa = PBXGroup;
			children = (
				D0F7A2A727F32C34008BEE85 /* DailyNews_MVVMTutorialUITests.swift */,
				D0F7A2A927F32C34008BEE85 /* DailyNews_MVVMTutorialUITestsLaunchTests.swift */,
			);
			path = "DailyNews-MVVMTutorialUITests";
			sourceTree = "<group>";
		};
		D0F7A2B627F32F97008BEE85 /* Controllers */ = {
			isa = PBXGroup;
			children = (
				D0F7A2B727F32FE5008BEE85 /* NewsListTableViewController.swift */,
			);
			path = Controllers;
			sourceTree = "<group>";
		};
/* End PBXGroup section */

/* Begin PBXNativeTarget section */
		D0F7A28227F32C33008BEE85 /* DailyNews-MVVMTutorial */ = {
			isa = PBXNativeTarget;
			buildConfigurationList = D0F7A2AD27F32C34008BEE85 /* Build configuration list for PBXNativeTarget "DailyNews-MVVMTutorial" */;
			buildPhases = (
				D0F7A27F27F32C33008BEE85 /* Sources */,
				D0F7A28027F32C33008BEE85 /* Frameworks */,
				D0F7A28127F32C33008BEE85 /* Resources */,
			);
			buildRules = (
			);
			dependencies = (
			);
			name = "DailyNews-MVVMTutorial";
			productName = "DailyNews-MVVMTutorial";
			productReference = D0F7A28327F32C33008BEE85 /* DailyNews-MVVMTutorial.app */;
			productType = "com.apple.product-type.application";
		};
		D0F7A29827F32C34008BEE85 /* DailyNews-MVVMTutorialTests */ = {
			isa = PBXNativeTarget;
			buildConfigurationList = D0F7A2B027F32C34008BEE85 /* Build configuration list for PBXNativeTarget "DailyNews-MVVMTutorialTests" */;
			buildPhases = (
				D0F7A29527F32C34008BEE85 /* Sources */,
				D0F7A29627F32C34008BEE85 /* Frameworks */,
				D0F7A29727F32C34008BEE85 /* Resources */,
			);
			buildRules = (
			);
			dependencies = (
				D0F7A29B27F32C34008BEE85 /* PBXTargetDependency */,
			);
			name = "DailyNews-MVVMTutorialTests";
			productName = "DailyNews-MVVMTutorialTests";
			productReference = D0F7A29927F32C34008BEE85 /* DailyNews-MVVMTutorialTests.xctest */;
			productType = "com.apple.product-type.bundle.unit-test";
		};
		D0F7A2A227F32C34008BEE85 /* DailyNews-MVVMTutorialUITests */ = {
			isa = PBXNativeTarget;
			buildConfigurationList = D0F7A2B327F32C34008BEE85 /* Build configuration list for PBXNativeTarget "DailyNews-MVVMTutorialUITests" */;
			buildPhases = (
				D0F7A29F27F32C34008BEE85 /* Sources */,
				D0F7A2A027F32C34008BEE85 /* Frameworks */,
				D0F7A2A127F32C34008BEE85 /* Resources */,
			);
			buildRules = (
			);
			dependencies = (
				D0F7A2A527F32C34008BEE85 /* PBXTargetDependency */,
			);
			name = "DailyNews-MVVMTutorialUITests";
			productName = "DailyNews-MVVMTutorialUITests";
			productReference = D0F7A2A327F32C34008BEE85 /* DailyNews-MVVMTutorialUITests.xctest */;
			productType = "com.apple.product-type.bundle.ui-testing";
		};
/* End PBXNativeTarget section */

/* Begin PBXProject section */
		D0F7A27B27F32C33008BEE85 /* Project object */ = {
			isa = PBXProject;
			attributes = {
				BuildIndependentTargetsInParallel = 1;
				LastSwiftUpdateCheck = 1320;
				LastUpgradeCheck = 1320;
				TargetAttributes = {
					D0F7A28227F32C33008BEE85 = {
						CreatedOnToolsVersion = 13.2.1;
					};
					D0F7A29827F32C34008BEE85 = {
						CreatedOnToolsVersion = 13.2.1;
						TestTargetID = D0F7A28227F32C33008BEE85;
					};
					D0F7A2A227F32C34008BEE85 = {
						CreatedOnToolsVersion = 13.2.1;
						TestTargetID = D0F7A28227F32C33008BEE85;
					};
				};
			};
			buildConfigurationList = D0F7A27E27F32C33008BEE85 /* Build configuration list for PBXProject "DailyNews-MVVMTutorial" */;
			compatibilityVersion = "Xcode 13.0";
			developmentRegion = en;
			hasScannedForEncodings = 0;
			knownRegions = (
				en,
				Base,
			);
			mainGroup = D0F7A27A27F32C33008BEE85;
			productRefGroup = D0F7A28427F32C33008BEE85 /* Products */;
			projectDirPath = "";
			projectRoot = "";
			targets = (
				D0F7A28227F32C33008BEE85 /* DailyNews-MVVMTutorial */,
				D0F7A29827F32C34008BEE85 /* DailyNews-MVVMTutorialTests */,
				D0F7A2A227F32C34008BEE85 /* DailyNews-MVVMTutorialUITests */,
			);
		};
/* End PBXProject section */

/* Begin PBXResourcesBuildPhase section */
		D0F7A28127F32C33008BEE85 /* Resources */ = {
			isa = PBXResourcesBuildPhase;
			buildActionMask = 2147483647;
			files = (
				D0F7A29327F32C34008BEE85 /* LaunchScreen.storyboard in Resources */,
				D0F7A29027F32C34008BEE85 /* Assets.xcassets in Resources */,
				D0F7A28E27F32C33008BEE85 /* Main.storyboard in Resources */,
			);
			runOnlyForDeploymentPostprocessing = 0;
		};
		D0F7A29727F32C34008BEE85 /* Resources */ = {
			isa = PBXResourcesBuildPhase;
			buildActionMask = 2147483647;
			files = (
			);
			runOnlyForDeploymentPostprocessing = 0;
		};
		D0F7A2A127F32C34008BEE85 /* Resources */ = {
			isa = PBXResourcesBuildPhase;
			buildActionMask = 2147483647;
			files = (
			);
			runOnlyForDeploymentPostprocessing = 0;
		};
/* End PBXResourcesBuildPhase section */

/* Begin PBXSourcesBuildPhase section */
		D0F7A27F27F32C33008BEE85 /* Sources */ = {
			isa = PBXSourcesBuildPhase;
			buildActionMask = 2147483647;
			files = (
				D0F7A28727F32C33008BEE85 /* AppDelegate.swift in Sources */,
				D0F7A2B827F32FE5008BEE85 /* NewsListTableViewController.swift in Sources */,
				D0F7A28927F32C33008BEE85 /* SceneDelegate.swift in Sources */,
			);
			runOnlyForDeploymentPostprocessing = 0;
		};
		D0F7A29527F32C34008BEE85 /* Sources */ = {
			isa = PBXSourcesBuildPhase;
			buildActionMask = 2147483647;
			files = (
				D0F7A29E27F32C34008BEE85 /* DailyNews_MVVMTutorialTests.swift in Sources */,
			);
			runOnlyForDeploymentPostprocessing = 0;
		};
		D0F7A29F27F32C34008BEE85 /* Sources */ = {
			isa = PBXSourcesBuildPhase;
			buildActionMask = 2147483647;
			files = (
				D0F7A2A827F32C34008BEE85 /* DailyNews_MVVMTutorialUITests.swift in Sources */,
				D0F7A2AA27F32C34008BEE85 /* DailyNews_MVVMTutorialUITestsLaunchTests.swift in Sources */,
			);
			runOnlyForDeploymentPostprocessing = 0;
		};
/* End PBXSourcesBuildPhase section */

/* Begin PBXTargetDependency section */
		D0F7A29B27F32C34008BEE85 /* PBXTargetDependency */ = {
			isa = PBXTargetDependency;
			target = D0F7A28227F32C33008BEE85 /* DailyNews-MVVMTutorial */;
			targetProxy = D0F7A29A27F32C34008BEE85 /* PBXContainerItemProxy */;
		};
		D0F7A2A527F32C34008BEE85 /* PBXTargetDependency */ = {
			isa = PBXTargetDependency;
			target = D0F7A28227F32C33008BEE85 /* DailyNews-MVVMTutorial */;
			targetProxy = D0F7A2A427F32C34008BEE85 /* PBXContainerItemProxy */;
		};
/* End PBXTargetDependency section */

/* Begin PBXVariantGroup section */
		D0F7A28C27F32C33008BEE85 /* Main.storyboard */ = {
			isa = PBXVariantGroup;
			children = (
				D0F7A28D27F32C33008BEE85 /* Base */,
			);
			name = Main.storyboard;
			sourceTree = "<group>";
		};
		D0F7A29127F32C34008BEE85 /* LaunchScreen.storyboard */ = {
			isa = PBXVariantGroup;
			children = (
				D0F7A29227F32C34008BEE85 /* Base */,
			);
			name = LaunchScreen.storyboard;
			sourceTree = "<group>";
		};
/* End PBXVariantGroup section */

/* Begin XCBuildConfiguration section */
		D0F7A2AB27F32C34008BEE85 /* Debug */ = {
			isa = XCBuildConfiguration;
			buildSettings = {
				ALWAYS_SEARCH_USER_PATHS = NO;
				CLANG_ANALYZER_NONNULL = YES;
				CLANG_ANALYZER_NUMBER_OBJECT_CONVERSION = YES_AGGRESSIVE;
				CLANG_CXX_LANGUAGE_STANDARD = "gnu++17";
				CLANG_CXX_LIBRARY = "libc++";
				CLANG_ENABLE_MODULES = YES;
				CLANG_ENABLE_OBJC_ARC = YES;
				CLANG_ENABLE_OBJC_WEAK = YES;
				CLANG_WARN_BLOCK_CAPTURE_AUTORELEASING = YES;
				CLANG_WARN_BOOL_CONVERSION = YES;
				CLANG_WARN_COMMA = YES;
				CLANG_WARN_CONSTANT_CONVERSION = YES;
				CLANG_WARN_DEPRECATED_OBJC_IMPLEMENTATIONS = YES;
				CLANG_WARN_DIRECT_OBJC_ISA_USAGE = YES_ERROR;
				CLANG_WARN_DOCUMENTATION_COMMENTS = YES;
				CLANG_WARN_EMPTY_BODY = YES;
				CLANG_WARN_ENUM_CONVERSION = YES;
				CLANG_WARN_INFINITE_RECURSION = YES;
				CLANG_WARN_INT_CONVERSION = YES;
				CLANG_WARN_NON_LITERAL_NULL_CONVERSION = YES;
				CLANG_WARN_OBJC_IMPLICIT_RETAIN_SELF = YES;
				CLANG_WARN_OBJC_LITERAL_CONVERSION = YES;
				CLANG_WARN_OBJC_ROOT_CLASS = YES_ERROR;
				CLANG_WARN_QUOTED_INCLUDE_IN_FRAMEWORK_HEADER = YES;
				CLANG_WARN_RANGE_LOOP_ANALYSIS = YES;
				CLANG_WARN_STRICT_PROTOTYPES = YES;
				CLANG_WARN_SUSPICIOUS_MOVE = YES;
				CLANG_WARN_UNGUARDED_AVAILABILITY = YES_AGGRESSIVE;
				CLANG_WARN_UNREACHABLE_CODE = YES;
				CLANG_WARN__DUPLICATE_METHOD_MATCH = YES;
				COPY_PHASE_STRIP = NO;
				DEBUG_INFORMATION_FORMAT = dwarf;
				ENABLE_STRICT_OBJC_MSGSEND = YES;
				ENABLE_TESTABILITY = YES;
				GCC_C_LANGUAGE_STANDARD = gnu11;
				GCC_DYNAMIC_NO_PIC = NO;
				GCC_NO_COMMON_BLOCKS = YES;
				GCC_OPTIMIZATION_LEVEL = 0;
				GCC_PREPROCESSOR_DEFINITIONS = (
					"DEBUG=1",
					"$(inherited)",
				);
				GCC_WARN_64_TO_32_BIT_CONVERSION = YES;
				GCC_WARN_ABOUT_RETURN_TYPE = YES_ERROR;
				GCC_WARN_UNDECLARED_SELECTOR = YES;
				GCC_WARN_UNINITIALIZED_AUTOS = YES_AGGRESSIVE;
				GCC_WARN_UNUSED_FUNCTION = YES;
				GCC_WARN_UNUSED_VARIABLE = YES;
				IPHONEOS_DEPLOYMENT_TARGET = 15.2;
				MTL_ENABLE_DEBUG_INFO = INCLUDE_SOURCE;
				MTL_FAST_MATH = YES;
				ONLY_ACTIVE_ARCH = YES;
				SDKROOT = iphoneos;
				SWIFT_ACTIVE_COMPILATION_CONDITIONS = DEBUG;
				SWIFT_OPTIMIZATION_LEVEL = "-Onone";
			};
			name = Debug;
		};
		D0F7A2AC27F32C34008BEE85 /* Release */ = {
			isa = XCBuildConfiguration;
			buildSettings = {
				ALWAYS_SEARCH_USER_PATHS = NO;
				CLANG_ANALYZER_NONNULL = YES;
				CLANG_ANALYZER_NUMBER_OBJECT_CONVERSION = YES_AGGRESSIVE;
				CLANG_CXX_LANGUAGE_STANDARD = "gnu++17";
				CLANG_CXX_LIBRARY = "libc++";
				CLANG_ENABLE_MODULES = YES;
				CLANG_ENABLE_OBJC_ARC = YES;
				CLANG_ENABLE_OBJC_WEAK = YES;
				CLANG_WARN_BLOCK_CAPTURE_AUTORELEASING = YES;
				CLANG_WARN_BOOL_CONVERSION = YES;
				CLANG_WARN_COMMA = YES;
				CLANG_WARN_CONSTANT_CONVERSION = YES;
				CLANG_WARN_DEPRECATED_OBJC_IMPLEMENTATIONS = YES;
				CLANG_WARN_DIRECT_OBJC_ISA_USAGE = YES_ERROR;
				CLANG_WARN_DOCUMENTATION_COMMENTS = YES;
				CLANG_WARN_EMPTY_BODY = YES;
				CLANG_WARN_ENUM_CONVERSION = YES;
				CLANG_WARN_INFINITE_RECURSION = YES;
				CLANG_WARN_INT_CONVERSION = YES;
				CLANG_WARN_NON_LITERAL_NULL_CONVERSION = YES;
				CLANG_WARN_OBJC_IMPLICIT_RETAIN_SELF = YES;
				CLANG_WARN_OBJC_LITERAL_CONVERSION = YES;
				CLANG_WARN_OBJC_ROOT_CLASS = YES_ERROR;
				CLANG_WARN_QUOTED_INCLUDE_IN_FRAMEWORK_HEADER = YES;
				CLANG_WARN_RANGE_LOOP_ANALYSIS = YES;
				CLANG_WARN_STRICT_PROTOTYPES = YES;
				CLANG_WARN_SUSPICIOUS_MOVE = YES;
				CLANG_WARN_UNGUARDED_AVAILABILITY = YES_AGGRESSIVE;
				CLANG_WARN_UNREACHABLE_CODE = YES;
				CLANG_WARN__DUPLICATE_METHOD_MATCH = YES;
				COPY_PHASE_STRIP = NO;
				DEBUG_INFORMATION_FORMAT = "dwarf-with-dsym";
				ENABLE_NS_ASSERTIONS = NO;
				ENABLE_STRICT_OBJC_MSGSEND = YES;
				GCC_C_LANGUAGE_STANDARD = gnu11;
				GCC_NO_COMMON_BLOCKS = YES;
				GCC_WARN_64_TO_32_BIT_CONVERSION = YES;
				GCC_WARN_ABOUT_RETURN_TYPE = YES_ERROR;
				GCC_WARN_UNDECLARED_SELECTOR = YES;
				GCC_WARN_UNINITIALIZED_AUTOS = YES_AGGRESSIVE;
				GCC_WARN_UNUSED_FUNCTION = YES;
				GCC_WARN_UNUSED_VARIABLE = YES;
				IPHONEOS_DEPLOYMENT_TARGET = 15.2;
				MTL_ENABLE_DEBUG_INFO = NO;
				MTL_FAST_MATH = YES;
				SDKROOT = iphoneos;
				SWIFT_COMPILATION_MODE = wholemodule;
				SWIFT_OPTIMIZATION_LEVEL = "-O";
				VALIDATE_PRODUCT = YES;
			};
			name = Release;
		};
		D0F7A2AE27F32C34008BEE85 /* Debug */ = {
			isa = XCBuildConfiguration;
			buildSettings = {
				ASSETCATALOG_COMPILER_APPICON_NAME = AppIcon;
				ASSETCATALOG_COMPILER_GLOBAL_ACCENT_COLOR_NAME = AccentColor;
				CODE_SIGN_STYLE = Automatic;
				CURRENT_PROJECT_VERSION = 1;
				DEVELOPMENT_TEAM = 4ADX8QNLG7;
				GENERATE_INFOPLIST_FILE = YES;
				INFOPLIST_FILE = "DailyNews-MVVMTutorial/Info.plist";
				INFOPLIST_KEY_UIApplicationSupportsIndirectInputEvents = YES;
				INFOPLIST_KEY_UILaunchStoryboardName = LaunchScreen;
				INFOPLIST_KEY_UIMainStoryboardFile = Main;
				INFOPLIST_KEY_UISupportedInterfaceOrientations_iPad = "UIInterfaceOrientationPortrait UIInterfaceOrientationPortraitUpsideDown UIInterfaceOrientationLandscapeLeft UIInterfaceOrientationLandscapeRight";
				INFOPLIST_KEY_UISupportedInterfaceOrientations_iPhone = "UIInterfaceOrientationPortrait UIInterfaceOrientationLandscapeLeft UIInterfaceOrientationLandscapeRight";
				LD_RUNPATH_SEARCH_PATHS = (
					"$(inherited)",
					"@executable_path/Frameworks",
				);
				MARKETING_VERSION = 1.0;
				PRODUCT_BUNDLE_IDENTIFIER = "com.damlacim.DailyNews-MVVMTutorial";
				PRODUCT_NAME = "$(TARGET_NAME)";
				SWIFT_EMIT_LOC_STRINGS = YES;
				SWIFT_VERSION = 5.0;
				TARGETED_DEVICE_FAMILY = "1,2";
			};
			name = Debug;
		};
		D0F7A2AF27F32C34008BEE85 /* Release */ = {
			isa = XCBuildConfiguration;
			buildSettings = {
				ASSETCATALOG_COMPILER_APPICON_NAME = AppIcon;
				ASSETCATALOG_COMPILER_GLOBAL_ACCENT_COLOR_NAME = AccentColor;
				CODE_SIGN_STYLE = Automatic;
				CURRENT_PROJECT_VERSION = 1;
				DEVELOPMENT_TEAM = 4ADX8QNLG7;
				GENERATE_INFOPLIST_FILE = YES;
				INFOPLIST_FILE = "DailyNews-MVVMTutorial/Info.plist";
				INFOPLIST_KEY_UIApplicationSupportsIndirectInputEvents = YES;
				INFOPLIST_KEY_UILaunchStoryboardName = LaunchScreen;
				INFOPLIST_KEY_UIMainStoryboardFile = Main;
				INFOPLIST_KEY_UISupportedInterfaceOrientations_iPad = "UIInterfaceOrientationPortrait UIInterfaceOrientationPortraitUpsideDown UIInterfaceOrientationLandscapeLeft UIInterfaceOrientationLandscapeRight";
				INFOPLIST_KEY_UISupportedInterfaceOrientations_iPhone = "UIInterfaceOrientationPortrait UIInterfaceOrientationLandscapeLeft UIInterfaceOrientationLandscapeRight";
				LD_RUNPATH_SEARCH_PATHS = (
					"$(inherited)",
					"@executable_path/Frameworks",
				);
				MARKETING_VERSION = 1.0;
				PRODUCT_BUNDLE_IDENTIFIER = "com.damlacim.DailyNews-MVVMTutorial";
				PRODUCT_NAME = "$(TARGET_NAME)";
				SWIFT_EMIT_LOC_STRINGS = YES;
				SWIFT_VERSION = 5.0;
				TARGETED_DEVICE_FAMILY = "1,2";
			};
			name = Release;
		};
		D0F7A2B127F32C34008BEE85 /* Debug */ = {
			isa = XCBuildConfiguration;
			buildSettings = {
				ALWAYS_EMBED_SWIFT_STANDARD_LIBRARIES = YES;
				BUNDLE_LOADER = "$(TEST_HOST)";
				CODE_SIGN_STYLE = Automatic;
				CURRENT_PROJECT_VERSION = 1;
				DEVELOPMENT_TEAM = 4ADX8QNLG7;
				GENERATE_INFOPLIST_FILE = YES;
				IPHONEOS_DEPLOYMENT_TARGET = 15.2;
				MARKETING_VERSION = 1.0;
				PRODUCT_BUNDLE_IDENTIFIER = "com.damlacim.DailyNews-MVVMTutorialTests";
				PRODUCT_NAME = "$(TARGET_NAME)";
				SWIFT_EMIT_LOC_STRINGS = NO;
				SWIFT_VERSION = 5.0;
				TARGETED_DEVICE_FAMILY = "1,2";
				TEST_HOST = "$(BUILT_PRODUCTS_DIR)/DailyNews-MVVMTutorial.app/DailyNews-MVVMTutorial";
			};
			name = Debug;
		};
		D0F7A2B227F32C34008BEE85 /* Release */ = {
			isa = XCBuildConfiguration;
			buildSettings = {
				ALWAYS_EMBED_SWIFT_STANDARD_LIBRARIES = YES;
				BUNDLE_LOADER = "$(TEST_HOST)";
				CODE_SIGN_STYLE = Automatic;
				CURRENT_PROJECT_VERSION = 1;
				DEVELOPMENT_TEAM = 4ADX8QNLG7;
				GENERATE_INFOPLIST_FILE = YES;
				IPHONEOS_DEPLOYMENT_TARGET = 15.2;
				MARKETING_VERSION = 1.0;
				PRODUCT_BUNDLE_IDENTIFIER = "com.damlacim.DailyNews-MVVMTutorialTests";
				PRODUCT_NAME = "$(TARGET_NAME)";
				SWIFT_EMIT_LOC_STRINGS = NO;
				SWIFT_VERSION = 5.0;
				TARGETED_DEVICE_FAMILY = "1,2";
				TEST_HOST = "$(BUILT_PRODUCTS_DIR)/DailyNews-MVVMTutorial.app/DailyNews-MVVMTutorial";
			};
			name = Release;
		};
		D0F7A2B427F32C34008BEE85 /* Debug */ = {
			isa = XCBuildConfiguration;
			buildSettings = {
				ALWAYS_EMBED_SWIFT_STANDARD_LIBRARIES = YES;
				CODE_SIGN_STYLE = Automatic;
				CURRENT_PROJECT_VERSION = 1;
				DEVELOPMENT_TEAM = 4ADX8QNLG7;
				GENERATE_INFOPLIST_FILE = YES;
				MARKETING_VERSION = 1.0;
				PRODUCT_BUNDLE_IDENTIFIER = "com.damlacim.DailyNews-MVVMTutorialUITests";
				PRODUCT_NAME = "$(TARGET_NAME)";
				SWIFT_EMIT_LOC_STRINGS = NO;
				SWIFT_VERSION = 5.0;
				TARGETED_DEVICE_FAMILY = "1,2";
				TEST_TARGET_NAME = "DailyNews-MVVMTutorial";
			};
			name = Debug;
		};
		D0F7A2B527F32C34008BEE85 /* Release */ = {
			isa = XCBuildConfiguration;
			buildSettings = {
				ALWAYS_EMBED_SWIFT_STANDARD_LIBRARIES = YES;
				CODE_SIGN_STYLE = Automatic;
				CURRENT_PROJECT_VERSION = 1;
				DEVELOPMENT_TEAM = 4ADX8QNLG7;
				GENERATE_INFOPLIST_FILE = YES;
				MARKETING_VERSION = 1.0;
				PRODUCT_BUNDLE_IDENTIFIER = "com.damlacim.DailyNews-MVVMTutorialUITests";
				PRODUCT_NAME = "$(TARGET_NAME)";
				SWIFT_EMIT_LOC_STRINGS = NO;
				SWIFT_VERSION = 5.0;
				TARGETED_DEVICE_FAMILY = "1,2";
				TEST_TARGET_NAME = "DailyNews-MVVMTutorial";
			};
			name = Release;
		};
/* End XCBuildConfiguration section */

/* Begin XCConfigurationList section */
		D0F7A27E27F32C33008BEE85 /* Build configuration list for PBXProject "DailyNews-MVVMTutorial" */ = {
			isa = XCConfigurationList;
			buildConfigurations = (
				D0F7A2AB27F32C34008BEE85 /* Debug */,
				D0F7A2AC27F32C34008BEE85 /* Release */,
			);
			defaultConfigurationIsVisible = 0;
			defaultConfigurationName = Release;
		};
		D0F7A2AD27F32C34008BEE85 /* Build configuration list for PBXNativeTarget "DailyNews-MVVMTutorial" */ = {
			isa = XCConfigurationList;
			buildConfigurations = (
				D0F7A2AE27F32C34008BEE85 /* Debug */,
				D0F7A2AF27F32C34008BEE85 /* Release */,
			);
			defaultConfigurationIsVisible = 0;
			defaultConfigurationName = Release;
		};
		D0F7A2B027F32C34008BEE85 /* Build configuration list for PBXNativeTarget "DailyNews-MVVMTutorialTests" */ = {
			isa = XCConfigurationList;
			buildConfigurations = (
				D0F7A2B127F32C34008BEE85 /* Debug */,
				D0F7A2B227F32C34008BEE85 /* Release */,
			);
			defaultConfigurationIsVisible = 0;
			defaultConfigurationName = Release;
		};
		D0F7A2B327F32C34008BEE85 /* Build configuration list for PBXNativeTarget "DailyNews-MVVMTutorialUITests" */ = {
			isa = XCConfigurationList;
			buildConfigurations = (
				D0F7A2B427F32C34008BEE85 /* Debug */,
				D0F7A2B527F32C34008BEE85 /* Release */,
			);
			defaultConfigurationIsVisible = 0;
			defaultConfigurationName = Release;
		};
/* End XCConfigurationList section */
	};
	rootObject = D0F7A27B27F32C33008BEE85 /* Project object */;
}
